// !$*UTF8*$!
{
	archiveVersion = 1;
	classes = {
	};
	objectVersion = 46;
	objects = {

/* Begin PBXBuildFile section */
		982D6CE61D17E34000AF1F21 /* main.m in Sources */ = {isa = PBXBuildFile; fileRef = 982D6CE51D17E34000AF1F21 /* main.m */; };
		982D6CE91D17E34000AF1F21 /* AppDelegate.m in Sources */ = {isa = PBXBuildFile; fileRef = 982D6CE81D17E34000AF1F21 /* AppDelegate.m */; };
		982D6CEC1D17E34000AF1F21 /* ZHLogInViewController.m in Sources */ = {isa = PBXBuildFile; fileRef = 982D6CEB1D17E34000AF1F21 /* ZHLogInViewController.m */; };
		982D6CEF1D17E34000AF1F21 /* Main.storyboard in Resources */ = {isa = PBXBuildFile; fileRef = 982D6CED1D17E34000AF1F21 /* Main.storyboard */; };
		982D6CF11D17E34000AF1F21 /* Assets.xcassets in Resources */ = {isa = PBXBuildFile; fileRef = 982D6CF01D17E34000AF1F21 /* Assets.xcassets */; };
		982D6CF41D17E34000AF1F21 /* LaunchScreen.storyboard in Resources */ = {isa = PBXBuildFile; fileRef = 982D6CF21D17E34000AF1F21 /* LaunchScreen.storyboard */; };
		982D6CFF1D17E34100AF1F21 /* ZHChattingDemoTests.m in Sources */ = {isa = PBXBuildFile; fileRef = 982D6CFE1D17E34100AF1F21 /* ZHChattingDemoTests.m */; };
		982D6D0A1D17E34100AF1F21 /* ZHChattingDemoUITests.m in Sources */ = {isa = PBXBuildFile; fileRef = 982D6D091D17E34100AF1F21 /* ZHChattingDemoUITests.m */; };
		982D6D191D18CDA300AF1F21 /* ZHBaseViewController.m in Sources */ = {isa = PBXBuildFile; fileRef = 982D6D181D18CDA300AF1F21 /* ZHBaseViewController.m */; };
		982D6D1D1D18D48000AF1F21 /* header.jpg in Resources */ = {isa = PBXBuildFile; fileRef = 982D6D1C1D18D48000AF1F21 /* header.jpg */; };
		982D6D201D190F9900AF1F21 /* ZHFriendViewController.m in Sources */ = {isa = PBXBuildFile; fileRef = 982D6D1F1D190F9900AF1F21 /* ZHFriendViewController.m */; };
		982D6D231D190FB900AF1F21 /* ZHChattingViewController.m in Sources */ = {isa = PBXBuildFile; fileRef = 982D6D221D190FB900AF1F21 /* ZHChattingViewController.m */; };
		982D6D661D191CF700AF1F21 /* ChatKeyBoard.m in Sources */ = {isa = PBXBuildFile; fileRef = 982D6D431D191CF700AF1F21 /* ChatKeyBoard.m */; };
		982D6D671D191CF700AF1F21 /* ChatToolBarItem.m in Sources */ = {isa = PBXBuildFile; fileRef = 982D6D471D191CF700AF1F21 /* ChatToolBarItem.m */; };
		982D6D681D191CF700AF1F21 /* FaceSubjectModel.m in Sources */ = {isa = PBXBuildFile; fileRef = 982D6D491D191CF700AF1F21 /* FaceSubjectModel.m */; };
		982D6D691D191CF700AF1F21 /* MoreItem.m in Sources */ = {isa = PBXBuildFile; fileRef = 982D6D4B1D191CF700AF1F21 /* MoreItem.m */; };
		982D6D6A1D191CF700AF1F21 /* FaceButton.m in Sources */ = {isa = PBXBuildFile; fileRef = 982D6D4F1D191CF700AF1F21 /* FaceButton.m */; };
		982D6D6B1D191CF700AF1F21 /* FacePanel.m in Sources */ = {isa = PBXBuildFile; fileRef = 982D6D511D191CF700AF1F21 /* FacePanel.m */; };
		982D6D6C1D191CF700AF1F21 /* FaceView.m in Sources */ = {isa = PBXBuildFile; fileRef = 982D6D531D191CF700AF1F21 /* FaceView.m */; };
		982D6D6D1D191CF700AF1F21 /* MiddleSizePageFaceView.m in Sources */ = {isa = PBXBuildFile; fileRef = 982D6D551D191CF700AF1F21 /* MiddleSizePageFaceView.m */; };
		982D6D6E1D191CF700AF1F21 /* PanelBottomView.m in Sources */ = {isa = PBXBuildFile; fileRef = 982D6D571D191CF700AF1F21 /* PanelBottomView.m */; };
		982D6D6F1D191CF700AF1F21 /* SmallSizePageFaceView.m in Sources */ = {isa = PBXBuildFile; fileRef = 982D6D591D191CF700AF1F21 /* SmallSizePageFaceView.m */; };
		982D6D701D191CF700AF1F21 /* MorePanel.m in Sources */ = {isa = PBXBuildFile; fileRef = 982D6D5C1D191CF700AF1F21 /* MorePanel.m */; };
		982D6D711D191CF700AF1F21 /* ChatToolBar.m in Sources */ = {isa = PBXBuildFile; fileRef = 982D6D5F1D191CF700AF1F21 /* ChatToolBar.m */; };
		982D6D721D191CF700AF1F21 /* OfficialAccountToolbar.m in Sources */ = {isa = PBXBuildFile; fileRef = 982D6D611D191CF700AF1F21 /* OfficialAccountToolbar.m */; };
		982D6D731D191CF700AF1F21 /* RFRecordButton.m in Sources */ = {isa = PBXBuildFile; fileRef = 982D6D631D191CF700AF1F21 /* RFRecordButton.m */; };
		982D6D741D191CF700AF1F21 /* RFTextView.m in Sources */ = {isa = PBXBuildFile; fileRef = 982D6D651D191CF700AF1F21 /* RFTextView.m */; };
		982D6D761D192BEB00AF1F21 /* emotion.plist in Resources */ = {isa = PBXBuildFile; fileRef = 982D6D751D192BEB00AF1F21 /* emotion.plist */; };
		982D6D781D192BF900AF1F21 /* face.plist in Resources */ = {isa = PBXBuildFile; fileRef = 982D6D771D192BF900AF1F21 /* face.plist */; };
		982D6D7B1D192DE300AF1F21 /* FaceSourceManager.m in Sources */ = {isa = PBXBuildFile; fileRef = 982D6D7A1D192DE300AF1F21 /* FaceSourceManager.m */; };
		982D6D801D1A2C1F00AF1F21 /* ZHMessage.m in Sources */ = {isa = PBXBuildFile; fileRef = 982D6D7F1D1A2C1F00AF1F21 /* ZHMessage.m */; };
		982D6D831D1A66B700AF1F21 /* ZHUser.m in Sources */ = {isa = PBXBuildFile; fileRef = 982D6D821D1A66B700AF1F21 /* ZHUser.m */; };
		982D6D861D1A674500AF1F21 /* NSString+ZH.m in Sources */ = {isa = PBXBuildFile; fileRef = 982D6D851D1A674500AF1F21 /* NSString+ZH.m */; };
		982D6D8B1D1A68F600AF1F21 /* ZHMessageCell.m in Sources */ = {isa = PBXBuildFile; fileRef = 982D6D8A1D1A68F600AF1F21 /* ZHMessageCell.m */; };
		982D6D8E1D1A6A0C00AF1F21 /* UIView+ZH.m in Sources */ = {isa = PBXBuildFile; fileRef = 982D6D8D1D1A6A0C00AF1F21 /* UIView+ZH.m */; };
		982D6D911D1A705600AF1F21 /* ZHTextMessageCell.m in Sources */ = {isa = PBXBuildFile; fileRef = 982D6D901D1A705600AF1F21 /* ZHTextMessageCell.m */; };
		982D6D941D1A713000AF1F21 /* ZHImageMessageCell.m in Sources */ = {isa = PBXBuildFile; fileRef = 982D6D931D1A713000AF1F21 /* ZHImageMessageCell.m */; };
		982D6D971D1A7C0600AF1F21 /* ZHChatMessageViewController.m in Sources */ = {isa = PBXBuildFile; fileRef = 982D6D961D1A7C0600AF1F21 /* ZHChatMessageViewController.m */; };
		982D6D9A1D1A870C00AF1F21 /* ZHUserHelper.m in Sources */ = {isa = PBXBuildFile; fileRef = 982D6D991D1A870C00AF1F21 /* ZHUserHelper.m */; };
		982D6D9C1D1A897A00AF1F21 /* 0.jpg in Resources */ = {isa = PBXBuildFile; fileRef = 982D6D9B1D1A897A00AF1F21 /* 0.jpg */; };
		982D6D9F1D1AC1F800AF1F21 /* ZHChatHelper.m in Sources */ = {isa = PBXBuildFile; fileRef = 982D6D9E1D1AC1F800AF1F21 /* ZHChatHelper.m */; };
		982D6DA31D1B76A200AF1F21 /* XMPPManager.m in Sources */ = {isa = PBXBuildFile; fileRef = 982D6DA21D1B76A200AF1F21 /* XMPPManager.m */; };
		D2AE408A009CD453AFD6F1E0 /* libPods-ZHChattingDemoTests.a in Frameworks */ = {isa = PBXBuildFile; fileRef = 84606A05D6C3D85B36241809 /* libPods-ZHChattingDemoTests.a */; };
		D5CD5C24D4BAA017C9E895C4 /* libPods-ZHChattingDemo.a in Frameworks */ = {isa = PBXBuildFile; fileRef = 2563399E6CF65093E0D1B27F /* libPods-ZHChattingDemo.a */; };
		F49F1FB57B831699948D48DC /* libPods-ZHChattingDemoUITests.a in Frameworks */ = {isa = PBXBuildFile; fileRef = C809AD2B49F7E9C77FF2ACC7 /* libPods-ZHChattingDemoUITests.a */; };
/* End PBXBuildFile section */

/* Begin PBXContainerItemProxy section */
		982D6CFB1D17E34100AF1F21 /* PBXContainerItemProxy */ = {
			isa = PBXContainerItemProxy;
			containerPortal = 982D6CD91D17E34000AF1F21 /* Project object */;
			proxyType = 1;
			remoteGlobalIDString = 982D6CE01D17E34000AF1F21;
			remoteInfo = ZHChattingDemo;
		};
		982D6D061D17E34100AF1F21 /* PBXContainerItemProxy */ = {
			isa = PBXContainerItemProxy;
			containerPortal = 982D6CD91D17E34000AF1F21 /* Project object */;
			proxyType = 1;
			remoteGlobalIDString = 982D6CE01D17E34000AF1F21;
			remoteInfo = ZHChattingDemo;
		};
/* End PBXContainerItemProxy section */

/* Begin PBXFileReference section */
		17E7EE4FCA7E533DCD2F264B /* Pods-ZHChattingDemo.release.xcconfig */ = {isa = PBXFileReference; includeInIndex = 1; lastKnownFileType = text.xcconfig; name = "Pods-ZHChattingDemo.release.xcconfig"; path = "Pods/Target Support Files/Pods-ZHChattingDemo/Pods-ZHChattingDemo.release.xcconfig"; sourceTree = "<group>"; };
		2563399E6CF65093E0D1B27F /* libPods-ZHChattingDemo.a */ = {isa = PBXFileReference; explicitFileType = archive.ar; includeInIndex = 0; path = "libPods-ZHChattingDemo.a"; sourceTree = BUILT_PRODUCTS_DIR; };
		25BDBB0C64A2AE23E7FCC28E /* Pods-ZHChattingDemoTests.debug.xcconfig */ = {isa = PBXFileReference; includeInIndex = 1; lastKnownFileType = text.xcconfig; name = "Pods-ZHChattingDemoTests.debug.xcconfig"; path = "Pods/Target Support Files/Pods-ZHChattingDemoTests/Pods-ZHChattingDemoTests.debug.xcconfig"; sourceTree = "<group>"; };
		42D36932CE1FEEFCD41802AC /* Pods-ZHChattingDemoUITests.release.xcconfig */ = {isa = PBXFileReference; includeInIndex = 1; lastKnownFileType = text.xcconfig; name = "Pods-ZHChattingDemoUITests.release.xcconfig"; path = "Pods/Target Support Files/Pods-ZHChattingDemoUITests/Pods-ZHChattingDemoUITests.release.xcconfig"; sourceTree = "<group>"; };
		5ED064C45D72F642E70E017F /* Pods-ZHChattingDemo.debug.xcconfig */ = {isa = PBXFileReference; includeInIndex = 1; lastKnownFileType = text.xcconfig; name = "Pods-ZHChattingDemo.debug.xcconfig"; path = "Pods/Target Support Files/Pods-ZHChattingDemo/Pods-ZHChattingDemo.debug.xcconfig"; sourceTree = "<group>"; };
		76AC95AFF2DDD7340C8799D5 /* Pods-ZHChattingDemoTests.release.xcconfig */ = {isa = PBXFileReference; includeInIndex = 1; lastKnownFileType = text.xcconfig; name = "Pods-ZHChattingDemoTests.release.xcconfig"; path = "Pods/Target Support Files/Pods-ZHChattingDemoTests/Pods-ZHChattingDemoTests.release.xcconfig"; sourceTree = "<group>"; };
		84606A05D6C3D85B36241809 /* libPods-ZHChattingDemoTests.a */ = {isa = PBXFileReference; explicitFileType = archive.ar; includeInIndex = 0; path = "libPods-ZHChattingDemoTests.a"; sourceTree = BUILT_PRODUCTS_DIR; };
		982D6CE11D17E34000AF1F21 /* ZHChattingDemo.app */ = {isa = PBXFileReference; explicitFileType = wrapper.application; includeInIndex = 0; path = ZHChattingDemo.app; sourceTree = BUILT_PRODUCTS_DIR; };
		982D6CE51D17E34000AF1F21 /* main.m */ = {isa = PBXFileReference; lastKnownFileType = sourcecode.c.objc; path = main.m; sourceTree = "<group>"; };
		982D6CE71D17E34000AF1F21 /* AppDelegate.h */ = {isa = PBXFileReference; lastKnownFileType = sourcecode.c.h; path = AppDelegate.h; sourceTree = "<group>"; };
		982D6CE81D17E34000AF1F21 /* AppDelegate.m */ = {isa = PBXFileReference; lastKnownFileType = sourcecode.c.objc; path = AppDelegate.m; sourceTree = "<group>"; };
		982D6CEA1D17E34000AF1F21 /* ZHLogInViewController.h */ = {isa = PBXFileReference; lastKnownFileType = sourcecode.c.h; path = ZHLogInViewController.h; sourceTree = "<group>"; };
		982D6CEB1D17E34000AF1F21 /* ZHLogInViewController.m */ = {isa = PBXFileReference; lastKnownFileType = sourcecode.c.objc; path = ZHLogInViewController.m; sourceTree = "<group>"; };
		982D6CEE1D17E34000AF1F21 /* Base */ = {isa = PBXFileReference; lastKnownFileType = file.storyboard; name = Base; path = Base.lproj/Main.storyboard; sourceTree = "<group>"; };
		982D6CF01D17E34000AF1F21 /* Assets.xcassets */ = {isa = PBXFileReference; lastKnownFileType = folder.assetcatalog; path = Assets.xcassets; sourceTree = "<group>"; };
		982D6CF31D17E34000AF1F21 /* Base */ = {isa = PBXFileReference; lastKnownFileType = file.storyboard; name = Base; path = Base.lproj/LaunchScreen.storyboard; sourceTree = "<group>"; };
		982D6CF51D17E34000AF1F21 /* Info.plist */ = {isa = PBXFileReference; lastKnownFileType = text.plist.xml; path = Info.plist; sourceTree = "<group>"; };
		982D6CFA1D17E34100AF1F21 /* ZHChattingDemoTests.xctest */ = {isa = PBXFileReference; explicitFileType = wrapper.cfbundle; includeInIndex = 0; path = ZHChattingDemoTests.xctest; sourceTree = BUILT_PRODUCTS_DIR; };
		982D6CFE1D17E34100AF1F21 /* ZHChattingDemoTests.m */ = {isa = PBXFileReference; lastKnownFileType = sourcecode.c.objc; path = ZHChattingDemoTests.m; sourceTree = "<group>"; };
		982D6D001D17E34100AF1F21 /* Info.plist */ = {isa = PBXFileReference; lastKnownFileType = text.plist.xml; path = Info.plist; sourceTree = "<group>"; };
		982D6D051D17E34100AF1F21 /* ZHChattingDemoUITests.xctest */ = {isa = PBXFileReference; explicitFileType = wrapper.cfbundle; includeInIndex = 0; path = ZHChattingDemoUITests.xctest; sourceTree = BUILT_PRODUCTS_DIR; };
		982D6D091D17E34100AF1F21 /* ZHChattingDemoUITests.m */ = {isa = PBXFileReference; lastKnownFileType = sourcecode.c.objc; path = ZHChattingDemoUITests.m; sourceTree = "<group>"; };
		982D6D0B1D17E34100AF1F21 /* Info.plist */ = {isa = PBXFileReference; lastKnownFileType = text.plist.xml; path = Info.plist; sourceTree = "<group>"; };
		982D6D171D18CDA300AF1F21 /* ZHBaseViewController.h */ = {isa = PBXFileReference; fileEncoding = 4; lastKnownFileType = sourcecode.c.h; path = ZHBaseViewController.h; sourceTree = "<group>"; };
		982D6D181D18CDA300AF1F21 /* ZHBaseViewController.m */ = {isa = PBXFileReference; fileEncoding = 4; lastKnownFileType = sourcecode.c.objc; path = ZHBaseViewController.m; sourceTree = "<group>"; };
		982D6D1A1D18CF8500AF1F21 /* PrefixHeader.pch */ = {isa = PBXFileReference; lastKnownFileType = sourcecode.c.h; path = PrefixHeader.pch; sourceTree = "<group>"; };
		982D6D1C1D18D48000AF1F21 /* header.jpg */ = {isa = PBXFileReference; lastKnownFileType = image.jpeg; path = header.jpg; sourceTree = "<group>"; };
		982D6D1E1D190F9900AF1F21 /* ZHFriendViewController.h */ = {isa = PBXFileReference; fileEncoding = 4; lastKnownFileType = sourcecode.c.h; path = ZHFriendViewController.h; sourceTree = "<group>"; };
		982D6D1F1D190F9900AF1F21 /* ZHFriendViewController.m */ = {isa = PBXFileReference; fileEncoding = 4; lastKnownFileType = sourcecode.c.objc; path = ZHFriendViewController.m; sourceTree = "<group>"; };
		982D6D211D190FB900AF1F21 /* ZHChattingViewController.h */ = {isa = PBXFileReference; fileEncoding = 4; lastKnownFileType = sourcecode.c.h; path = ZHChattingViewController.h; sourceTree = "<group>"; };
		982D6D221D190FB900AF1F21 /* ZHChattingViewController.m */ = {isa = PBXFileReference; fileEncoding = 4; lastKnownFileType = sourcecode.c.objc; path = ZHChattingViewController.m; sourceTree = "<group>"; };
		982D6D421D191CF700AF1F21 /* ChatKeyBoard.h */ = {isa = PBXFileReference; fileEncoding = 4; lastKnownFileType = sourcecode.c.h; path = ChatKeyBoard.h; sourceTree = "<group>"; };
		982D6D431D191CF700AF1F21 /* ChatKeyBoard.m */ = {isa = PBXFileReference; fileEncoding = 4; lastKnownFileType = sourcecode.c.objc; path = ChatKeyBoard.m; sourceTree = "<group>"; };
		982D6D441D191CF700AF1F21 /* ChatKeyBoardMacroDefine.h */ = {isa = PBXFileReference; fileEncoding = 4; lastKnownFileType = sourcecode.c.h; path = ChatKeyBoardMacroDefine.h; sourceTree = "<group>"; };
		982D6D461D191CF700AF1F21 /* ChatToolBarItem.h */ = {isa = PBXFileReference; fileEncoding = 4; lastKnownFileType = sourcecode.c.h; path = ChatToolBarItem.h; sourceTree = "<group>"; };
		982D6D471D191CF700AF1F21 /* ChatToolBarItem.m */ = {isa = PBXFileReference; fileEncoding = 4; lastKnownFileType = sourcecode.c.objc; path = ChatToolBarItem.m; sourceTree = "<group>"; };
		982D6D481D191CF700AF1F21 /* FaceSubjectModel.h */ = {isa = PBXFileReference; fileEncoding = 4; lastKnownFileType = sourcecode.c.h; path = FaceSubjectModel.h; sourceTree = "<group>"; };
		982D6D491D191CF700AF1F21 /* FaceSubjectModel.m */ = {isa = PBXFileReference; fileEncoding = 4; lastKnownFileType = sourcecode.c.objc; path = FaceSubjectModel.m; sourceTree = "<group>"; };
		982D6D4A1D191CF700AF1F21 /* MoreItem.h */ = {isa = PBXFileReference; fileEncoding = 4; lastKnownFileType = sourcecode.c.h; path = MoreItem.h; sourceTree = "<group>"; };
		982D6D4B1D191CF700AF1F21 /* MoreItem.m */ = {isa = PBXFileReference; fileEncoding = 4; lastKnownFileType = sourcecode.c.objc; path = MoreItem.m; sourceTree = "<group>"; };
		982D6D4E1D191CF700AF1F21 /* FaceButton.h */ = {isa = PBXFileReference; fileEncoding = 4; lastKnownFileType = sourcecode.c.h; path = FaceButton.h; sourceTree = "<group>"; };
		982D6D4F1D191CF700AF1F21 /* FaceButton.m */ = {isa = PBXFileReference; fileEncoding = 4; lastKnownFileType = sourcecode.c.objc; path = FaceButton.m; sourceTree = "<group>"; };
		982D6D501D191CF700AF1F21 /* FacePanel.h */ = {isa = PBXFileReference; fileEncoding = 4; lastKnownFileType = sourcecode.c.h; path = FacePanel.h; sourceTree = "<group>"; };
		982D6D511D191CF700AF1F21 /* FacePanel.m */ = {isa = PBXFileReference; fileEncoding = 4; lastKnownFileType = sourcecode.c.objc; path = FacePanel.m; sourceTree = "<group>"; };
		982D6D521D191CF700AF1F21 /* FaceView.h */ = {isa = PBXFileReference; fileEncoding = 4; lastKnownFileType = sourcecode.c.h; path = FaceView.h; sourceTree = "<group>"; };
		982D6D531D191CF700AF1F21 /* FaceView.m */ = {isa = PBXFileReference; fileEncoding = 4; lastKnownFileType = sourcecode.c.objc; path = FaceView.m; sourceTree = "<group>"; };
		982D6D541D191CF700AF1F21 /* MiddleSizePageFaceView.h */ = {isa = PBXFileReference; fileEncoding = 4; lastKnownFileType = sourcecode.c.h; path = MiddleSizePageFaceView.h; sourceTree = "<group>"; };
		982D6D551D191CF700AF1F21 /* MiddleSizePageFaceView.m */ = {isa = PBXFileReference; fileEncoding = 4; lastKnownFileType = sourcecode.c.objc; path = MiddleSizePageFaceView.m; sourceTree = "<group>"; };
		982D6D561D191CF700AF1F21 /* PanelBottomView.h */ = {isa = PBXFileReference; fileEncoding = 4; lastKnownFileType = sourcecode.c.h; path = PanelBottomView.h; sourceTree = "<group>"; };
		982D6D571D191CF700AF1F21 /* PanelBottomView.m */ = {isa = PBXFileReference; fileEncoding = 4; lastKnownFileType = sourcecode.c.objc; path = PanelBottomView.m; sourceTree = "<group>"; };
		982D6D581D191CF700AF1F21 /* SmallSizePageFaceView.h */ = {isa = PBXFileReference; fileEncoding = 4; lastKnownFileType = sourcecode.c.h; path = SmallSizePageFaceView.h; sourceTree = "<group>"; };
		982D6D591D191CF700AF1F21 /* SmallSizePageFaceView.m */ = {isa = PBXFileReference; fileEncoding = 4; lastKnownFileType = sourcecode.c.objc; path = SmallSizePageFaceView.m; sourceTree = "<group>"; };
		982D6D5B1D191CF700AF1F21 /* MorePanel.h */ = {isa = PBXFileReference; fileEncoding = 4; lastKnownFileType = sourcecode.c.h; path = MorePanel.h; sourceTree = "<group>"; };
		982D6D5C1D191CF700AF1F21 /* MorePanel.m */ = {isa = PBXFileReference; fileEncoding = 4; lastKnownFileType = sourcecode.c.objc; path = MorePanel.m; sourceTree = "<group>"; };
		982D6D5E1D191CF700AF1F21 /* ChatToolBar.h */ = {isa = PBXFileReference; fileEncoding = 4; lastKnownFileType = sourcecode.c.h; path = ChatToolBar.h; sourceTree = "<group>"; };
		982D6D5F1D191CF700AF1F21 /* ChatToolBar.m */ = {isa = PBXFileReference; fileEncoding = 4; lastKnownFileType = sourcecode.c.objc; path = ChatToolBar.m; sourceTree = "<group>"; };
		982D6D601D191CF700AF1F21 /* OfficialAccountToolbar.h */ = {isa = PBXFileReference; fileEncoding = 4; lastKnownFileType = sourcecode.c.h; path = OfficialAccountToolbar.h; sourceTree = "<group>"; };
		982D6D611D191CF700AF1F21 /* OfficialAccountToolbar.m */ = {isa = PBXFileReference; fileEncoding = 4; lastKnownFileType = sourcecode.c.objc; path = OfficialAccountToolbar.m; sourceTree = "<group>"; };
		982D6D621D191CF700AF1F21 /* RFRecordButton.h */ = {isa = PBXFileReference; fileEncoding = 4; lastKnownFileType = sourcecode.c.h; path = RFRecordButton.h; sourceTree = "<group>"; };
		982D6D631D191CF700AF1F21 /* RFRecordButton.m */ = {isa = PBXFileReference; fileEncoding = 4; lastKnownFileType = sourcecode.c.objc; path = RFRecordButton.m; sourceTree = "<group>"; };
		982D6D641D191CF700AF1F21 /* RFTextView.h */ = {isa = PBXFileReference; fileEncoding = 4; lastKnownFileType = sourcecode.c.h; path = RFTextView.h; sourceTree = "<group>"; };
		982D6D651D191CF700AF1F21 /* RFTextView.m */ = {isa = PBXFileReference; fileEncoding = 4; lastKnownFileType = sourcecode.c.objc; path = RFTextView.m; sourceTree = "<group>"; };
		982D6D751D192BEB00AF1F21 /* emotion.plist */ = {isa = PBXFileReference; fileEncoding = 4; lastKnownFileType = text.plist.xml; path = emotion.plist; sourceTree = "<group>"; };
		982D6D771D192BF900AF1F21 /* face.plist */ = {isa = PBXFileReference; fileEncoding = 4; lastKnownFileType = text.plist.xml; path = face.plist; sourceTree = "<group>"; };
		982D6D791D192DE300AF1F21 /* FaceSourceManager.h */ = {isa = PBXFileReference; fileEncoding = 4; lastKnownFileType = sourcecode.c.h; path = FaceSourceManager.h; sourceTree = "<group>"; };
		982D6D7A1D192DE300AF1F21 /* FaceSourceManager.m */ = {isa = PBXFileReference; fileEncoding = 4; lastKnownFileType = sourcecode.c.objc; path = FaceSourceManager.m; sourceTree = "<group>"; };
		982D6D7E1D1A2C1F00AF1F21 /* ZHMessage.h */ = {isa = PBXFileReference; fileEncoding = 4; lastKnownFileType = sourcecode.c.h; path = ZHMessage.h; sourceTree = "<group>"; };
		982D6D7F1D1A2C1F00AF1F21 /* ZHMessage.m */ = {isa = PBXFileReference; fileEncoding = 4; lastKnownFileType = sourcecode.c.objc; path = ZHMessage.m; sourceTree = "<group>"; };
		982D6D811D1A66B700AF1F21 /* ZHUser.h */ = {isa = PBXFileReference; fileEncoding = 4; lastKnownFileType = sourcecode.c.h; path = ZHUser.h; sourceTree = "<group>"; };
		982D6D821D1A66B700AF1F21 /* ZHUser.m */ = {isa = PBXFileReference; fileEncoding = 4; lastKnownFileType = sourcecode.c.objc; path = ZHUser.m; sourceTree = "<group>"; };
		982D6D841D1A674500AF1F21 /* NSString+ZH.h */ = {isa = PBXFileReference; fileEncoding = 4; lastKnownFileType = sourcecode.c.h; path = "NSString+ZH.h"; sourceTree = "<group>"; };
		982D6D851D1A674500AF1F21 /* NSString+ZH.m */ = {isa = PBXFileReference; fileEncoding = 4; lastKnownFileType = sourcecode.c.objc; path = "NSString+ZH.m"; sourceTree = "<group>"; };
		982D6D891D1A68F600AF1F21 /* ZHMessageCell.h */ = {isa = PBXFileReference; fileEncoding = 4; lastKnownFileType = sourcecode.c.h; path = ZHMessageCell.h; sourceTree = "<group>"; };
		982D6D8A1D1A68F600AF1F21 /* ZHMessageCell.m */ = {isa = PBXFileReference; fileEncoding = 4; lastKnownFileType = sourcecode.c.objc; path = ZHMessageCell.m; sourceTree = "<group>"; };
		982D6D8C1D1A6A0C00AF1F21 /* UIView+ZH.h */ = {isa = PBXFileReference; fileEncoding = 4; lastKnownFileType = sourcecode.c.h; path = "UIView+ZH.h"; sourceTree = "<group>"; };
		982D6D8D1D1A6A0C00AF1F21 /* UIView+ZH.m */ = {isa = PBXFileReference; fileEncoding = 4; lastKnownFileType = sourcecode.c.objc; path = "UIView+ZH.m"; sourceTree = "<group>"; };
		982D6D8F1D1A705600AF1F21 /* ZHTextMessageCell.h */ = {isa = PBXFileReference; fileEncoding = 4; lastKnownFileType = sourcecode.c.h; path = ZHTextMessageCell.h; sourceTree = "<group>"; };
		982D6D901D1A705600AF1F21 /* ZHTextMessageCell.m */ = {isa = PBXFileReference; fileEncoding = 4; lastKnownFileType = sourcecode.c.objc; path = ZHTextMessageCell.m; sourceTree = "<group>"; };
		982D6D921D1A713000AF1F21 /* ZHImageMessageCell.h */ = {isa = PBXFileReference; fileEncoding = 4; lastKnownFileType = sourcecode.c.h; path = ZHImageMessageCell.h; sourceTree = "<group>"; };
		982D6D931D1A713000AF1F21 /* ZHImageMessageCell.m */ = {isa = PBXFileReference; fileEncoding = 4; lastKnownFileType = sourcecode.c.objc; path = ZHImageMessageCell.m; sourceTree = "<group>"; };
		982D6D951D1A7C0600AF1F21 /* ZHChatMessageViewController.h */ = {isa = PBXFileReference; fileEncoding = 4; lastKnownFileType = sourcecode.c.h; path = ZHChatMessageViewController.h; sourceTree = "<group>"; };
		982D6D961D1A7C0600AF1F21 /* ZHChatMessageViewController.m */ = {isa = PBXFileReference; fileEncoding = 4; lastKnownFileType = sourcecode.c.objc; path = ZHChatMessageViewController.m; sourceTree = "<group>"; };
		982D6D981D1A870C00AF1F21 /* ZHUserHelper.h */ = {isa = PBXFileReference; fileEncoding = 4; lastKnownFileType = sourcecode.c.h; path = ZHUserHelper.h; sourceTree = "<group>"; };
		982D6D991D1A870C00AF1F21 /* ZHUserHelper.m */ = {isa = PBXFileReference; fileEncoding = 4; lastKnownFileType = sourcecode.c.objc; path = ZHUserHelper.m; sourceTree = "<group>"; };
		982D6D9B1D1A897A00AF1F21 /* 0.jpg */ = {isa = PBXFileReference; lastKnownFileType = image.jpeg; path = 0.jpg; sourceTree = "<group>"; };
		982D6D9D1D1AC1F800AF1F21 /* ZHChatHelper.h */ = {isa = PBXFileReference; fileEncoding = 4; lastKnownFileType = sourcecode.c.h; path = ZHChatHelper.h; sourceTree = "<group>"; };
		982D6D9E1D1AC1F800AF1F21 /* ZHChatHelper.m */ = {isa = PBXFileReference; fileEncoding = 4; lastKnownFileType = sourcecode.c.objc; path = ZHChatHelper.m; sourceTree = "<group>"; };
		982D6DA11D1B76A200AF1F21 /* XMPPManager.h */ = {isa = PBXFileReference; fileEncoding = 4; lastKnownFileType = sourcecode.c.h; path = XMPPManager.h; sourceTree = "<group>"; };
		982D6DA21D1B76A200AF1F21 /* XMPPManager.m */ = {isa = PBXFileReference; fileEncoding = 4; lastKnownFileType = sourcecode.c.objc; path = XMPPManager.m; sourceTree = "<group>"; };
		C13B6A79015BB61ED792CFA1 /* Pods-ZHChattingDemoUITests.debug.xcconfig */ = {isa = PBXFileReference; includeInIndex = 1; lastKnownFileType = text.xcconfig; name = "Pods-ZHChattingDemoUITests.debug.xcconfig"; path = "Pods/Target Support Files/Pods-ZHChattingDemoUITests/Pods-ZHChattingDemoUITests.debug.xcconfig"; sourceTree = "<group>"; };
		C809AD2B49F7E9C77FF2ACC7 /* libPods-ZHChattingDemoUITests.a */ = {isa = PBXFileReference; explicitFileType = archive.ar; includeInIndex = 0; path = "libPods-ZHChattingDemoUITests.a"; sourceTree = BUILT_PRODUCTS_DIR; };
/* End PBXFileReference section */

/* Begin PBXFrameworksBuildPhase section */
		982D6CDE1D17E34000AF1F21 /* Frameworks */ = {
			isa = PBXFrameworksBuildPhase;
			buildActionMask = 2147483647;
			files = (
				D5CD5C24D4BAA017C9E895C4 /* libPods-ZHChattingDemo.a in Frameworks */,
			);
			runOnlyForDeploymentPostprocessing = 0;
		};
		982D6CF71D17E34100AF1F21 /* Frameworks */ = {
			isa = PBXFrameworksBuildPhase;
			buildActionMask = 2147483647;
			files = (
				D2AE408A009CD453AFD6F1E0 /* libPods-ZHChattingDemoTests.a in Frameworks */,
			);
			runOnlyForDeploymentPostprocessing = 0;
		};
		982D6D021D17E34100AF1F21 /* Frameworks */ = {
			isa = PBXFrameworksBuildPhase;
			buildActionMask = 2147483647;
			files = (
				F49F1FB57B831699948D48DC /* libPods-ZHChattingDemoUITests.a in Frameworks */,
			);
			runOnlyForDeploymentPostprocessing = 0;
		};
/* End PBXFrameworksBuildPhase section */

/* Begin PBXGroup section */
		982D6CD81D17E34000AF1F21 = {
			isa = PBXGroup;
			children = (
				982D6CE31D17E34000AF1F21 /* ZHChattingDemo */,
				982D6CFD1D17E34100AF1F21 /* ZHChattingDemoTests */,
				982D6D081D17E34100AF1F21 /* ZHChattingDemoUITests */,
				982D6CE21D17E34000AF1F21 /* Products */,
				BCA95450FC040D8E5FA50741 /* Pods */,
				C1EC9092F83BCC9F6E99CC00 /* Frameworks */,
			);
			sourceTree = "<group>";
		};
		982D6CE21D17E34000AF1F21 /* Products */ = {
			isa = PBXGroup;
			children = (
				982D6CE11D17E34000AF1F21 /* ZHChattingDemo.app */,
				982D6CFA1D17E34100AF1F21 /* ZHChattingDemoTests.xctest */,
				982D6D051D17E34100AF1F21 /* ZHChattingDemoUITests.xctest */,
			);
			name = Products;
			sourceTree = "<group>";
		};
		982D6CE31D17E34000AF1F21 /* ZHChattingDemo */ = {
			isa = PBXGroup;
			children = (
				982D6DA51D1BBF1000AF1F21 /* Base */,
				982D6DA41D1BBEEA00AF1F21 /* ZHHelper */,
				982D6D881D1A685000AF1F21 /* Catagory */,
				982D6D7C1D197D9600AF1F21 /* Message */,
				982D6D411D191CF700AF1F21 /* KeyBoard */,
				982D6D1B1D18D46E00AF1F21 /* Image */,
				982D6CE71D17E34000AF1F21 /* AppDelegate.h */,
				982D6CE81D17E34000AF1F21 /* AppDelegate.m */,
				982D6CEA1D17E34000AF1F21 /* ZHLogInViewController.h */,
				982D6CEB1D17E34000AF1F21 /* ZHLogInViewController.m */,
				982D6CED1D17E34000AF1F21 /* Main.storyboard */,
				982D6CF21D17E34000AF1F21 /* LaunchScreen.storyboard */,
				982D6CE41D17E34000AF1F21 /* Supporting Files */,
			);
			path = ZHChattingDemo;
			sourceTree = "<group>";
		};
		982D6CE41D17E34000AF1F21 /* Supporting Files */ = {
			isa = PBXGroup;
			children = (
				982D6CF51D17E34000AF1F21 /* Info.plist */,
				982D6CF01D17E34000AF1F21 /* Assets.xcassets */,
				982D6CE51D17E34000AF1F21 /* main.m */,
				982D6D1A1D18CF8500AF1F21 /* PrefixHeader.pch */,
				982D6D771D192BF900AF1F21 /* face.plist */,
				982D6D751D192BEB00AF1F21 /* emotion.plist */,
			);
			name = "Supporting Files";
			sourceTree = "<group>";
		};
		982D6CFD1D17E34100AF1F21 /* ZHChattingDemoTests */ = {
			isa = PBXGroup;
			children = (
				982D6CFE1D17E34100AF1F21 /* ZHChattingDemoTests.m */,
				982D6D001D17E34100AF1F21 /* Info.plist */,
			);
			path = ZHChattingDemoTests;
			sourceTree = "<group>";
		};
		982D6D081D17E34100AF1F21 /* ZHChattingDemoUITests */ = {
			isa = PBXGroup;
			children = (
				982D6D091D17E34100AF1F21 /* ZHChattingDemoUITests.m */,
				982D6D0B1D17E34100AF1F21 /* Info.plist */,
			);
			path = ZHChattingDemoUITests;
			sourceTree = "<group>";
		};
		982D6D1B1D18D46E00AF1F21 /* Image */ = {
			isa = PBXGroup;
			children = (
				982D6D9B1D1A897A00AF1F21 /* 0.jpg */,
				982D6D1C1D18D48000AF1F21 /* header.jpg */,
			);
			name = Image;
			sourceTree = "<group>";
		};
		982D6D411D191CF700AF1F21 /* KeyBoard */ = {
			isa = PBXGroup;
			children = (
				982D6D791D192DE300AF1F21 /* FaceSourceManager.h */,
				982D6D7A1D192DE300AF1F21 /* FaceSourceManager.m */,
				982D6D421D191CF700AF1F21 /* ChatKeyBoard.h */,
				982D6D431D191CF700AF1F21 /* ChatKeyBoard.m */,
				982D6D441D191CF700AF1F21 /* ChatKeyBoardMacroDefine.h */,
				982D6D451D191CF700AF1F21 /* Models */,
				982D6D4C1D191CF700AF1F21 /* Views */,
			);
			path = KeyBoard;
			sourceTree = "<group>";
		};
		982D6D451D191CF700AF1F21 /* Models */ = {
			isa = PBXGroup;
			children = (
				982D6D461D191CF700AF1F21 /* ChatToolBarItem.h */,
				982D6D471D191CF700AF1F21 /* ChatToolBarItem.m */,
				982D6D481D191CF700AF1F21 /* FaceSubjectModel.h */,
				982D6D491D191CF700AF1F21 /* FaceSubjectModel.m */,
				982D6D4A1D191CF700AF1F21 /* MoreItem.h */,
				982D6D4B1D191CF700AF1F21 /* MoreItem.m */,
			);
			path = Models;
			sourceTree = "<group>";
		};
		982D6D4C1D191CF700AF1F21 /* Views */ = {
			isa = PBXGroup;
			children = (
				982D6D4D1D191CF700AF1F21 /* FacePanel */,
				982D6D5A1D191CF700AF1F21 /* MorePanel */,
				982D6D5D1D191CF700AF1F21 /* ToolBarPanel */,
			);
			path = Views;
			sourceTree = "<group>";
		};
		982D6D4D1D191CF700AF1F21 /* FacePanel */ = {
			isa = PBXGroup;
			children = (
				982D6D4E1D191CF700AF1F21 /* FaceButton.h */,
				982D6D4F1D191CF700AF1F21 /* FaceButton.m */,
				982D6D501D191CF700AF1F21 /* FacePanel.h */,
				982D6D511D191CF700AF1F21 /* FacePanel.m */,
				982D6D521D191CF700AF1F21 /* FaceView.h */,
				982D6D531D191CF700AF1F21 /* FaceView.m */,
				982D6D541D191CF700AF1F21 /* MiddleSizePageFaceView.h */,
				982D6D551D191CF700AF1F21 /* MiddleSizePageFaceView.m */,
				982D6D561D191CF700AF1F21 /* PanelBottomView.h */,
				982D6D571D191CF700AF1F21 /* PanelBottomView.m */,
				982D6D581D191CF700AF1F21 /* SmallSizePageFaceView.h */,
				982D6D591D191CF700AF1F21 /* SmallSizePageFaceView.m */,
			);
			path = FacePanel;
			sourceTree = "<group>";
		};
		982D6D5A1D191CF700AF1F21 /* MorePanel */ = {
			isa = PBXGroup;
			children = (
				982D6D5B1D191CF700AF1F21 /* MorePanel.h */,
				982D6D5C1D191CF700AF1F21 /* MorePanel.m */,
			);
			path = MorePanel;
			sourceTree = "<group>";
		};
		982D6D5D1D191CF700AF1F21 /* ToolBarPanel */ = {
			isa = PBXGroup;
			children = (
				982D6D5E1D191CF700AF1F21 /* ChatToolBar.h */,
				982D6D5F1D191CF700AF1F21 /* ChatToolBar.m */,
				982D6D601D191CF700AF1F21 /* OfficialAccountToolbar.h */,
				982D6D611D191CF700AF1F21 /* OfficialAccountToolbar.m */,
				982D6D621D191CF700AF1F21 /* RFRecordButton.h */,
				982D6D631D191CF700AF1F21 /* RFRecordButton.m */,
				982D6D641D191CF700AF1F21 /* RFTextView.h */,
				982D6D651D191CF700AF1F21 /* RFTextView.m */,
			);
			path = ToolBarPanel;
			sourceTree = "<group>";
		};
		982D6D7C1D197D9600AF1F21 /* Message */ = {
			isa = PBXGroup;
			children = (
				982D6DA11D1B76A200AF1F21 /* XMPPManager.h */,
				982D6DA21D1B76A200AF1F21 /* XMPPManager.m */,
				982D6DA61D1BBF2700AF1F21 /* Controller */,
				982D6D7D1D1A2BE100AF1F21 /* Model */,
				982D6D871D1A684100AF1F21 /* View */,
			);
			name = Message;
			sourceTree = "<group>";
		};
		982D6D7D1D1A2BE100AF1F21 /* Model */ = {
			isa = PBXGroup;
			children = (
				982D6D7E1D1A2C1F00AF1F21 /* ZHMessage.h */,
				982D6D7F1D1A2C1F00AF1F21 /* ZHMessage.m */,
				982D6D811D1A66B700AF1F21 /* ZHUser.h */,
				982D6D821D1A66B700AF1F21 /* ZHUser.m */,
			);
			name = Model;
			sourceTree = "<group>";
		};
		982D6D871D1A684100AF1F21 /* View */ = {
			isa = PBXGroup;
			children = (
				982D6D891D1A68F600AF1F21 /* ZHMessageCell.h */,
				982D6D8A1D1A68F600AF1F21 /* ZHMessageCell.m */,
				982D6D8F1D1A705600AF1F21 /* ZHTextMessageCell.h */,
				982D6D901D1A705600AF1F21 /* ZHTextMessageCell.m */,
				982D6D921D1A713000AF1F21 /* ZHImageMessageCell.h */,
				982D6D931D1A713000AF1F21 /* ZHImageMessageCell.m */,
			);
			name = View;
			sourceTree = "<group>";
		};
		982D6D881D1A685000AF1F21 /* Catagory */ = {
			isa = PBXGroup;
			children = (
				982D6D841D1A674500AF1F21 /* NSString+ZH.h */,
				982D6D851D1A674500AF1F21 /* NSString+ZH.m */,
				982D6D8C1D1A6A0C00AF1F21 /* UIView+ZH.h */,
				982D6D8D1D1A6A0C00AF1F21 /* UIView+ZH.m */,
			);
			name = Catagory;
			sourceTree = "<group>";
		};
		982D6DA41D1BBEEA00AF1F21 /* ZHHelper */ = {
			isa = PBXGroup;
			children = (
				982D6D981D1A870C00AF1F21 /* ZHUserHelper.h */,
				982D6D991D1A870C00AF1F21 /* ZHUserHelper.m */,
				982D6D9D1D1AC1F800AF1F21 /* ZHChatHelper.h */,
				982D6D9E1D1AC1F800AF1F21 /* ZHChatHelper.m */,
			);
			name = ZHHelper;
			sourceTree = "<group>";
		};
		982D6DA51D1BBF1000AF1F21 /* Base */ = {
			isa = PBXGroup;
			children = (
				982D6D171D18CDA300AF1F21 /* ZHBaseViewController.h */,
				982D6D181D18CDA300AF1F21 /* ZHBaseViewController.m */,
			);
			name = Base;
			sourceTree = "<group>";
		};
		982D6DA61D1BBF2700AF1F21 /* Controller */ = {
			isa = PBXGroup;
			children = (
				982D6D211D190FB900AF1F21 /* ZHChattingViewController.h */,
				982D6D221D190FB900AF1F21 /* ZHChattingViewController.m */,
				982D6D1E1D190F9900AF1F21 /* ZHFriendViewController.h */,
				982D6D1F1D190F9900AF1F21 /* ZHFriendViewController.m */,
				982D6D951D1A7C0600AF1F21 /* ZHChatMessageViewController.h */,
				982D6D961D1A7C0600AF1F21 /* ZHChatMessageViewController.m */,
			);
			name = Controller;
			sourceTree = "<group>";
		};
		BCA95450FC040D8E5FA50741 /* Pods */ = {
			isa = PBXGroup;
			children = (
				5ED064C45D72F642E70E017F /* Pods-ZHChattingDemo.debug.xcconfig */,
				17E7EE4FCA7E533DCD2F264B /* Pods-ZHChattingDemo.release.xcconfig */,
				25BDBB0C64A2AE23E7FCC28E /* Pods-ZHChattingDemoTests.debug.xcconfig */,
				76AC95AFF2DDD7340C8799D5 /* Pods-ZHChattingDemoTests.release.xcconfig */,
				C13B6A79015BB61ED792CFA1 /* Pods-ZHChattingDemoUITests.debug.xcconfig */,
				42D36932CE1FEEFCD41802AC /* Pods-ZHChattingDemoUITests.release.xcconfig */,
			);
			name = Pods;
			sourceTree = "<group>";
		};
		C1EC9092F83BCC9F6E99CC00 /* Frameworks */ = {
			isa = PBXGroup;
			children = (
				2563399E6CF65093E0D1B27F /* libPods-ZHChattingDemo.a */,
				84606A05D6C3D85B36241809 /* libPods-ZHChattingDemoTests.a */,
				C809AD2B49F7E9C77FF2ACC7 /* libPods-ZHChattingDemoUITests.a */,
			);
			name = Frameworks;
			sourceTree = "<group>";
		};
/* End PBXGroup section */

/* Begin PBXNativeTarget section */
		982D6CE01D17E34000AF1F21 /* ZHChattingDemo */ = {
			isa = PBXNativeTarget;
			buildConfigurationList = 982D6D0E1D17E34100AF1F21 /* Build configuration list for PBXNativeTarget "ZHChattingDemo" */;
			buildPhases = (
				744AC09A8912D111350AFDFB /* [CP] Check Pods Manifest.lock */,
				982D6CDD1D17E34000AF1F21 /* Sources */,
				982D6CDE1D17E34000AF1F21 /* Frameworks */,
				982D6CDF1D17E34000AF1F21 /* Resources */,
				B9824D549E2BBD2DBF31FFEF /* [CP] Embed Pods Frameworks */,
				7D24826CDD1A95BE6F7C8A00 /* [CP] Copy Pods Resources */,
			);
			buildRules = (
			);
			dependencies = (
			);
			name = ZHChattingDemo;
			productName = ZHChattingDemo;
			productReference = 982D6CE11D17E34000AF1F21 /* ZHChattingDemo.app */;
			productType = "com.apple.product-type.application";
		};
		982D6CF91D17E34100AF1F21 /* ZHChattingDemoTests */ = {
			isa = PBXNativeTarget;
			buildConfigurationList = 982D6D111D17E34100AF1F21 /* Build configuration list for PBXNativeTarget "ZHChattingDemoTests" */;
			buildPhases = (
				DE3F0A10CB69DE2F83C1EAA8 /* [CP] Check Pods Manifest.lock */,
				982D6CF61D17E34100AF1F21 /* Sources */,
				982D6CF71D17E34100AF1F21 /* Frameworks */,
				982D6CF81D17E34100AF1F21 /* Resources */,
				D0DD31373BC7AFFAF1F6210F /* [CP] Embed Pods Frameworks */,
				8129A87C083275F3413E5ACB /* [CP] Copy Pods Resources */,
			);
			buildRules = (
			);
			dependencies = (
				982D6CFC1D17E34100AF1F21 /* PBXTargetDependency */,
			);
			name = ZHChattingDemoTests;
			productName = ZHChattingDemoTests;
			productReference = 982D6CFA1D17E34100AF1F21 /* ZHChattingDemoTests.xctest */;
			productType = "com.apple.product-type.bundle.unit-test";
		};
		982D6D041D17E34100AF1F21 /* ZHChattingDemoUITests */ = {
			isa = PBXNativeTarget;
			buildConfigurationList = 982D6D141D17E34100AF1F21 /* Build configuration list for PBXNativeTarget "ZHChattingDemoUITests" */;
			buildPhases = (
				E02F1378B346BEAD535FADE7 /* [CP] Check Pods Manifest.lock */,
				982D6D011D17E34100AF1F21 /* Sources */,
				982D6D021D17E34100AF1F21 /* Frameworks */,
				982D6D031D17E34100AF1F21 /* Resources */,
				87A52CE1808A900ACFF96095 /* [CP] Copy Pods Resources */,
			);
			buildRules = (
			);
			dependencies = (
				982D6D071D17E34100AF1F21 /* PBXTargetDependency */,
			);
			name = ZHChattingDemoUITests;
			productName = ZHChattingDemoUITests;
			productReference = 982D6D051D17E34100AF1F21 /* ZHChattingDemoUITests.xctest */;
			productType = "com.apple.product-type.bundle.ui-testing";
		};
/* End PBXNativeTarget section */

/* Begin PBXProject section */
		982D6CD91D17E34000AF1F21 /* Project object */ = {
			isa = PBXProject;
			attributes = {
				LastUpgradeCheck = 0730;
				ORGANIZATIONNAME = "左梓豪";
				TargetAttributes = {
					982D6CE01D17E34000AF1F21 = {
						CreatedOnToolsVersion = 7.3.1;
						DevelopmentTeam = TKG3NVTEMK;
					};
					982D6CF91D17E34100AF1F21 = {
						CreatedOnToolsVersion = 7.3.1;
						DevelopmentTeam = TKG3NVTEMK;
						TestTargetID = 982D6CE01D17E34000AF1F21;
					};
					982D6D041D17E34100AF1F21 = {
						CreatedOnToolsVersion = 7.3.1;
						DevelopmentTeam = TKG3NVTEMK;
						TestTargetID = 982D6CE01D17E34000AF1F21;
					};
				};
			};
			buildConfigurationList = 982D6CDC1D17E34000AF1F21 /* Build configuration list for PBXProject "ZHChattingDemo" */;
			compatibilityVersion = "Xcode 3.2";
			developmentRegion = English;
			hasScannedForEncodings = 0;
			knownRegions = (
				en,
				Base,
			);
			mainGroup = 982D6CD81D17E34000AF1F21;
			productRefGroup = 982D6CE21D17E34000AF1F21 /* Products */;
			projectDirPath = "";
			projectRoot = "";
			targets = (
				982D6CE01D17E34000AF1F21 /* ZHChattingDemo */,
				982D6CF91D17E34100AF1F21 /* ZHChattingDemoTests */,
				982D6D041D17E34100AF1F21 /* ZHChattingDemoUITests */,
			);
		};
/* End PBXProject section */

/* Begin PBXResourcesBuildPhase section */
		982D6CDF1D17E34000AF1F21 /* Resources */ = {
			isa = PBXResourcesBuildPhase;
			buildActionMask = 2147483647;
			files = (
				982D6CF41D17E34000AF1F21 /* LaunchScreen.storyboard in Resources */,
				982D6CF11D17E34000AF1F21 /* Assets.xcassets in Resources */,
				982D6D761D192BEB00AF1F21 /* emotion.plist in Resources */,
				982D6D9C1D1A897A00AF1F21 /* 0.jpg in Resources */,
				982D6CEF1D17E34000AF1F21 /* Main.storyboard in Resources */,
				982D6D1D1D18D48000AF1F21 /* header.jpg in Resources */,
				982D6D781D192BF900AF1F21 /* face.plist in Resources */,
			);
			runOnlyForDeploymentPostprocessing = 0;
		};
		982D6CF81D17E34100AF1F21 /* Resources */ = {
			isa = PBXResourcesBuildPhase;
			buildActionMask = 2147483647;
			files = (
			);
			runOnlyForDeploymentPostprocessing = 0;
		};
		982D6D031D17E34100AF1F21 /* Resources */ = {
			isa = PBXResourcesBuildPhase;
			buildActionMask = 2147483647;
			files = (
			);
			runOnlyForDeploymentPostprocessing = 0;
		};
/* End PBXResourcesBuildPhase section */

/* Begin PBXShellScriptBuildPhase section */
		744AC09A8912D111350AFDFB /* [CP] Check Pods Manifest.lock */ = {
			isa = PBXShellScriptBuildPhase;
			buildActionMask = 2147483647;
			files = (
			);
			inputPaths = (
			);
			name = "[CP] Check Pods Manifest.lock";
			outputPaths = (
			);
			runOnlyForDeploymentPostprocessing = 0;
			shellPath = /bin/sh;
			shellScript = "diff \"${PODS_ROOT}/../Podfile.lock\" \"${PODS_ROOT}/Manifest.lock\" > /dev/null\nif [[ $? != 0 ]] ; then\n    cat << EOM\nerror: The sandbox is not in sync with the Podfile.lock. Run 'pod install' or update your CocoaPods installation.\nEOM\n    exit 1\nfi\n";
			showEnvVarsInLog = 0;
		};
		7D24826CDD1A95BE6F7C8A00 /* [CP] Copy Pods Resources */ = {
			isa = PBXShellScriptBuildPhase;
			buildActionMask = 2147483647;
			files = (
			);
			inputPaths = (
			);
			name = "[CP] Copy Pods Resources";
			outputPaths = (
			);
			runOnlyForDeploymentPostprocessing = 0;
			shellPath = /bin/sh;
			shellScript = "\"${SRCROOT}/Pods/Target Support Files/Pods-ZHChattingDemo/Pods-ZHChattingDemo-resources.sh\"\n";
			showEnvVarsInLog = 0;
		};
		8129A87C083275F3413E5ACB /* [CP] Copy Pods Resources */ = {
			isa = PBXShellScriptBuildPhase;
			buildActionMask = 2147483647;
			files = (
			);
			inputPaths = (
			);
			name = "[CP] Copy Pods Resources";
			outputPaths = (
			);
			runOnlyForDeploymentPostprocessing = 0;
			shellPath = /bin/sh;
			shellScript = "\"${SRCROOT}/Pods/Target Support Files/Pods-ZHChattingDemoTests/Pods-ZHChattingDemoTests-resources.sh\"\n";
			showEnvVarsInLog = 0;
		};
		87A52CE1808A900ACFF96095 /* [CP] Copy Pods Resources */ = {
			isa = PBXShellScriptBuildPhase;
			buildActionMask = 2147483647;
			files = (
			);
			inputPaths = (
			);
			name = "[CP] Copy Pods Resources";
			outputPaths = (
			);
			runOnlyForDeploymentPostprocessing = 0;
			shellPath = /bin/sh;
			shellScript = "\"${SRCROOT}/Pods/Target Support Files/Pods-ZHChattingDemoUITests/Pods-ZHChattingDemoUITests-resources.sh\"\n";
			showEnvVarsInLog = 0;
		};
		B9824D549E2BBD2DBF31FFEF /* [CP] Embed Pods Frameworks */ = {
			isa = PBXShellScriptBuildPhase;
			buildActionMask = 2147483647;
			files = (
			);
			inputPaths = (
			);
			name = "[CP] Embed Pods Frameworks";
			outputPaths = (
			);
			runOnlyForDeploymentPostprocessing = 0;
			shellPath = /bin/sh;
			shellScript = "\"${SRCROOT}/Pods/Target Support Files/Pods-ZHChattingDemo/Pods-ZHChattingDemo-frameworks.sh\"\n";
			showEnvVarsInLog = 0;
		};
		D0DD31373BC7AFFAF1F6210F /* [CP] Embed Pods Frameworks */ = {
			isa = PBXShellScriptBuildPhase;
			buildActionMask = 2147483647;
			files = (
			);
			inputPaths = (
			);
			name = "[CP] Embed Pods Frameworks";
			outputPaths = (
			);
			runOnlyForDeploymentPostprocessing = 0;
			shellPath = /bin/sh;
			shellScript = "\"${SRCROOT}/Pods/Target Support Files/Pods-ZHChattingDemoTests/Pods-ZHChattingDemoTests-frameworks.sh\"\n";
			showEnvVarsInLog = 0;
		};
		DE3F0A10CB69DE2F83C1EAA8 /* [CP] Check Pods Manifest.lock */ = {
			isa = PBXShellScriptBuildPhase;
			buildActionMask = 2147483647;
			files = (
			);
			inputPaths = (
			);
			name = "[CP] Check Pods Manifest.lock";
			outputPaths = (
			);
			runOnlyForDeploymentPostprocessing = 0;
			shellPath = /bin/sh;
			shellScript = "diff \"${PODS_ROOT}/../Podfile.lock\" \"${PODS_ROOT}/Manifest.lock\" > /dev/null\nif [[ $? != 0 ]] ; then\n    cat << EOM\nerror: The sandbox is not in sync with the Podfile.lock. Run 'pod install' or update your CocoaPods installation.\nEOM\n    exit 1\nfi\n";
			showEnvVarsInLog = 0;
		};
		E02F1378B346BEAD535FADE7 /* [CP] Check Pods Manifest.lock */ = {
			isa = PBXShellScriptBuildPhase;
			buildActionMask = 2147483647;
			files = (
			);
			inputPaths = (
			);
			name = "[CP] Check Pods Manifest.lock";
			outputPaths = (
			);
			runOnlyForDeploymentPostprocessing = 0;
			shellPath = /bin/sh;
			shellScript = "diff \"${PODS_ROOT}/../Podfile.lock\" \"${PODS_ROOT}/Manifest.lock\" > /dev/null\nif [[ $? != 0 ]] ; then\n    cat << EOM\nerror: The sandbox is not in sync with the Podfile.lock. Run 'pod install' or update your CocoaPods installation.\nEOM\n    exit 1\nfi\n";
			showEnvVarsInLog = 0;
		};
/* End PBXShellScriptBuildPhase section */

/* Begin PBXSourcesBuildPhase section */
		982D6CDD1D17E34000AF1F21 /* Sources */ = {
			isa = PBXSourcesBuildPhase;
			buildActionMask = 2147483647;
			files = (
				982D6D661D191CF700AF1F21 /* ChatKeyBoard.m in Sources */,
				982D6D801D1A2C1F00AF1F21 /* ZHMessage.m in Sources */,
				982D6D6B1D191CF700AF1F21 /* FacePanel.m in Sources */,
				982D6D6D1D191CF700AF1F21 /* MiddleSizePageFaceView.m in Sources */,
				982D6D831D1A66B700AF1F21 /* ZHUser.m in Sources */,
				982D6CEC1D17E34000AF1F21 /* ZHLogInViewController.m in Sources */,
				982D6D911D1A705600AF1F21 /* ZHTextMessageCell.m in Sources */,
				982D6D191D18CDA300AF1F21 /* ZHBaseViewController.m in Sources */,
				982D6D971D1A7C0600AF1F21 /* ZHChatMessageViewController.m in Sources */,
				982D6CE91D17E34000AF1F21 /* AppDelegate.m in Sources */,
				982D6D731D191CF700AF1F21 /* RFRecordButton.m in Sources */,
				982D6D9F1D1AC1F800AF1F21 /* ZHChatHelper.m in Sources */,
				982D6D8B1D1A68F600AF1F21 /* ZHMessageCell.m in Sources */,
				982D6D721D191CF700AF1F21 /* OfficialAccountToolbar.m in Sources */,
				982D6D201D190F9900AF1F21 /* ZHFriendViewController.m in Sources */,
				982D6D9A1D1A870C00AF1F21 /* ZHUserHelper.m in Sources */,
				982D6D6C1D191CF700AF1F21 /* FaceView.m in Sources */,
				982D6D6E1D191CF700AF1F21 /* PanelBottomView.m in Sources */,
				982D6D7B1D192DE300AF1F21 /* FaceSourceManager.m in Sources */,
				982D6D711D191CF700AF1F21 /* ChatToolBar.m in Sources */,
				982D6D8E1D1A6A0C00AF1F21 /* UIView+ZH.m in Sources */,
				982D6D691D191CF700AF1F21 /* MoreItem.m in Sources */,
				982D6D701D191CF700AF1F21 /* MorePanel.m in Sources */,
				982D6DA31D1B76A200AF1F21 /* XMPPManager.m in Sources */,
				982D6D231D190FB900AF1F21 /* ZHChattingViewController.m in Sources */,
				982D6D681D191CF700AF1F21 /* FaceSubjectModel.m in Sources */,
				982D6D861D1A674500AF1F21 /* NSString+ZH.m in Sources */,
				982D6D671D191CF700AF1F21 /* ChatToolBarItem.m in Sources */,
				982D6D6F1D191CF700AF1F21 /* SmallSizePageFaceView.m in Sources */,
				982D6D6A1D191CF700AF1F21 /* FaceButton.m in Sources */,
				982D6D741D191CF700AF1F21 /* RFTextView.m in Sources */,
				982D6CE61D17E34000AF1F21 /* main.m in Sources */,
				982D6D941D1A713000AF1F21 /* ZHImageMessageCell.m in Sources */,
			);
			runOnlyForDeploymentPostprocessing = 0;
		};
		982D6CF61D17E34100AF1F21 /* Sources */ = {
			isa = PBXSourcesBuildPhase;
			buildActionMask = 2147483647;
			files = (
				982D6CFF1D17E34100AF1F21 /* ZHChattingDemoTests.m in Sources */,
			);
			runOnlyForDeploymentPostprocessing = 0;
		};
		982D6D011D17E34100AF1F21 /* Sources */ = {
			isa = PBXSourcesBuildPhase;
			buildActionMask = 2147483647;
			files = (
				982D6D0A1D17E34100AF1F21 /* ZHChattingDemoUITests.m in Sources */,
			);
			runOnlyForDeploymentPostprocessing = 0;
		};
/* End PBXSourcesBuildPhase section */

/* Begin PBXTargetDependency section */
		982D6CFC1D17E34100AF1F21 /* PBXTargetDependency */ = {
			isa = PBXTargetDependency;
			target = 982D6CE01D17E34000AF1F21 /* ZHChattingDemo */;
			targetProxy = 982D6CFB1D17E34100AF1F21 /* PBXContainerItemProxy */;
		};
		982D6D071D17E34100AF1F21 /* PBXTargetDependency */ = {
			isa = PBXTargetDependency;
			target = 982D6CE01D17E34000AF1F21 /* ZHChattingDemo */;
			targetProxy = 982D6D061D17E34100AF1F21 /* PBXContainerItemProxy */;
		};
/* End PBXTargetDependency section */

/* Begin PBXVariantGroup section */
		982D6CED1D17E34000AF1F21 /* Main.storyboard */ = {
			isa = PBXVariantGroup;
			children = (
				982D6CEE1D17E34000AF1F21 /* Base */,
			);
			name = Main.storyboard;
			sourceTree = "<group>";
		};
		982D6CF21D17E34000AF1F21 /* LaunchScreen.storyboard */ = {
			isa = PBXVariantGroup;
			children = (
				982D6CF31D17E34000AF1F21 /* Base */,
			);
			name = LaunchScreen.storyboard;
			sourceTree = "<group>";
		};
/* End PBXVariantGroup section */

/* Begin XCBuildConfiguration section */
		982D6D0C1D17E34100AF1F21 /* Debug */ = {
			isa = XCBuildConfiguration;
			buildSettings = {
				ALWAYS_SEARCH_USER_PATHS = NO;
				CLANG_ANALYZER_NONNULL = YES;
				CLANG_CXX_LANGUAGE_STANDARD = "gnu++0x";
				CLANG_CXX_LIBRARY = "libc++";
				CLANG_ENABLE_MODULES = YES;
				CLANG_ENABLE_OBJC_ARC = YES;
				CLANG_WARN_BOOL_CONVERSION = YES;
				CLANG_WARN_CONSTANT_CONVERSION = YES;
				CLANG_WARN_DIRECT_OBJC_ISA_USAGE = YES_ERROR;
				CLANG_WARN_EMPTY_BODY = YES;
				CLANG_WARN_ENUM_CONVERSION = YES;
				CLANG_WARN_INT_CONVERSION = YES;
				CLANG_WARN_OBJC_ROOT_CLASS = YES_ERROR;
				CLANG_WARN_UNREACHABLE_CODE = YES;
				CLANG_WARN__DUPLICATE_METHOD_MATCH = YES;
				"CODE_SIGN_IDENTITY[sdk=iphoneos*]" = "iPhone Developer";
				COPY_PHASE_STRIP = NO;
				DEBUG_INFORMATION_FORMAT = dwarf;
				ENABLE_STRICT_OBJC_MSGSEND = YES;
				ENABLE_TESTABILITY = YES;
				GCC_C_LANGUAGE_STANDARD = gnu99;
				GCC_DYNAMIC_NO_PIC = NO;
				GCC_NO_COMMON_BLOCKS = YES;
				GCC_OPTIMIZATION_LEVEL = 0;
				GCC_PREPROCESSOR_DEFINITIONS = (
					"DEBUG=1",
					"$(inherited)",
				);
				GCC_WARN_64_TO_32_BIT_CONVERSION = YES;
				GCC_WARN_ABOUT_RETURN_TYPE = YES_ERROR;
				GCC_WARN_UNDECLARED_SELECTOR = YES;
				GCC_WARN_UNINITIALIZED_AUTOS = YES_AGGRESSIVE;
				GCC_WARN_UNUSED_FUNCTION = YES;
				GCC_WARN_UNUSED_VARIABLE = YES;
				IPHONEOS_DEPLOYMENT_TARGET = 9.3;
				MTL_ENABLE_DEBUG_INFO = YES;
				ONLY_ACTIVE_ARCH = YES;
				SDKROOT = iphoneos;
				TARGETED_DEVICE_FAMILY = "1,2";
			};
			name = Debug;
		};
		982D6D0D1D17E34100AF1F21 /* Release */ = {
			isa = XCBuildConfiguration;
			buildSettings = {
				ALWAYS_SEARCH_USER_PATHS = NO;
				CLANG_ANALYZER_NONNULL = YES;
				CLANG_CXX_LANGUAGE_STANDARD = "gnu++0x";
				CLANG_CXX_LIBRARY = "libc++";
				CLANG_ENABLE_MODULES = YES;
				CLANG_ENABLE_OBJC_ARC = YES;
				CLANG_WARN_BOOL_CONVERSION = YES;
				CLANG_WARN_CONSTANT_CONVERSION = YES;
				CLANG_WARN_DIRECT_OBJC_ISA_USAGE = YES_ERROR;
				CLANG_WARN_EMPTY_BODY = YES;
				CLANG_WARN_ENUM_CONVERSION = YES;
				CLANG_WARN_INT_CONVERSION = YES;
				CLANG_WARN_OBJC_ROOT_CLASS = YES_ERROR;
				CLANG_WARN_UNREACHABLE_CODE = YES;
				CLANG_WARN__DUPLICATE_METHOD_MATCH = YES;
				"CODE_SIGN_IDENTITY[sdk=iphoneos*]" = "iPhone Developer";
				COPY_PHASE_STRIP = NO;
				DEBUG_INFORMATION_FORMAT = "dwarf-with-dsym";
				ENABLE_NS_ASSERTIONS = NO;
				ENABLE_STRICT_OBJC_MSGSEND = YES;
				GCC_C_LANGUAGE_STANDARD = gnu99;
				GCC_NO_COMMON_BLOCKS = YES;
				GCC_WARN_64_TO_32_BIT_CONVERSION = YES;
				GCC_WARN_ABOUT_RETURN_TYPE = YES_ERROR;
				GCC_WARN_UNDECLARED_SELECTOR = YES;
				GCC_WARN_UNINITIALIZED_AUTOS = YES_AGGRESSIVE;
				GCC_WARN_UNUSED_FUNCTION = YES;
				GCC_WARN_UNUSED_VARIABLE = YES;
				IPHONEOS_DEPLOYMENT_TARGET = 9.3;
				MTL_ENABLE_DEBUG_INFO = NO;
				SDKROOT = iphoneos;
				TARGETED_DEVICE_FAMILY = "1,2";
				VALIDATE_PRODUCT = YES;
			};
			name = Release;
		};
		982D6D0F1D17E34100AF1F21 /* Debug */ = {
			isa = XCBuildConfiguration;
			baseConfigurationReference = 5ED064C45D72F642E70E017F /* Pods-ZHChattingDemo.debug.xcconfig */;
			buildSettings = {
				ASSETCATALOG_COMPILER_APPICON_NAME = AppIcon;
				GCC_PRECOMPILE_PREFIX_HEADER = YES;
				GCC_PREFIX_HEADER = /Users/Fox/Desktop/ZHChattingDemo/ZHChattingDemo/ZHChattingDemo/PrefixHeader.pch;
				INFOPLIST_FILE = ZHChattingDemo/Info.plist;
				IPHONEOS_DEPLOYMENT_TARGET = 7.0;
				LD_RUNPATH_SEARCH_PATHS = "$(inherited) @executable_path/Frameworks";
				PRODUCT_BUNDLE_IDENTIFIER = iFox.ZHChattingDemo;
				PRODUCT_NAME = "$(TARGET_NAME)";
			};
			name = Debug;
		};
		982D6D101D17E34100AF1F21 /* Release */ = {
			isa = XCBuildConfiguration;
			baseConfigurationReference = 17E7EE4FCA7E533DCD2F264B /* Pods-ZHChattingDemo.release.xcconfig */;
			buildSettings = {
				ASSETCATALOG_COMPILER_APPICON_NAME = AppIcon;
				GCC_PRECOMPILE_PREFIX_HEADER = YES;
				GCC_PREFIX_HEADER = /Users/Fox/Desktop/ZHChattingDemo/ZHChattingDemo/ZHChattingDemo/PrefixHeader.pch;
				INFOPLIST_FILE = ZHChattingDemo/Info.plist;
				IPHONEOS_DEPLOYMENT_TARGET = 7.0;
				LD_RUNPATH_SEARCH_PATHS = "$(inherited) @executable_path/Frameworks";
				PRODUCT_BUNDLE_IDENTIFIER = iFox.ZHChattingDemo;
				PRODUCT_NAME = "$(TARGET_NAME)";
			};
			name = Release;
		};
		982D6D121D17E34100AF1F21 /* Debug */ = {
			isa = XCBuildConfiguration;
			baseConfigurationReference = 25BDBB0C64A2AE23E7FCC28E /* Pods-ZHChattingDemoTests.debug.xcconfig */;
			buildSettings = {
				BUNDLE_LOADER = "$(TEST_HOST)";
				INFOPLIST_FILE = ZHChattingDemoTests/Info.plist;
				LD_RUNPATH_SEARCH_PATHS = "$(inherited) @executable_path/Frameworks @loader_path/Frameworks";
				PRODUCT_BUNDLE_IDENTIFIER = iFox.ZHChattingDemoTests;
				PRODUCT_NAME = "$(TARGET_NAME)";
				TEST_HOST = "$(BUILT_PRODUCTS_DIR)/ZHChattingDemo.app/ZHChattingDemo";
			};
			name = Debug;
		};
		982D6D131D17E34100AF1F21 /* Release */ = {
			isa = XCBuildConfiguration;
			baseConfigurationReference = 76AC95AFF2DDD7340C8799D5 /* Pods-ZHChattingDemoTests.release.xcconfig */;
			buildSettings = {
				BUNDLE_LOADER = "$(TEST_HOST)";
				INFOPLIST_FILE = ZHChattingDemoTests/Info.plist;
				LD_RUNPATH_SEARCH_PATHS = "$(inherited) @executable_path/Frameworks @loader_path/Frameworks";
				PRODUCT_BUNDLE_IDENTIFIER = iFox.ZHChattingDemoTests;
				PRODUCT_NAME = "$(TARGET_NAME)";
				TEST_HOST = "$(BUILT_PRODUCTS_DIR)/ZHChattingDemo.app/ZHChattingDemo";
			};
			name = Release;
		};
		982D6D151D17E34100AF1F21 /* Debug */ = {
			isa = XCBuildConfiguration;
			baseConfigurationReference = C13B6A79015BB61ED792CFA1 /* Pods-ZHChattingDemoUITests.debug.xcconfig */;
			buildSettings = {
				INFOPLIST_FILE = ZHChattingDemoUITests/Info.plist;
				LD_RUNPATH_SEARCH_PATHS = "$(inherited) @executable_path/Frameworks @loader_path/Frameworks";
				PRODUCT_BUNDLE_IDENTIFIER = iFox.ZHChattingDemoUITests;
				PRODUCT_NAME = "$(TARGET_NAME)";
				TEST_TARGET_NAME = ZHChattingDemo;
			};
			name = Debug;
		};
		982D6D161D17E34100AF1F21 /* Release */ = {
			isa = XCBuildConfiguration;
			baseConfigurationReference = 42D36932CE1FEEFCD41802AC /* Pods-ZHChattingDemoUITests.release.xcconfig */;
			buildSettings = {
				INFOPLIST_FILE = ZHChattingDemoUITests/Info.plist;
				LD_RUNPATH_SEARCH_PATHS = "$(inherited) @executable_path/Frameworks @loader_path/Frameworks";
				PRODUCT_BUNDLE_IDENTIFIER = iFox.ZHChattingDemoUITests;
				PRODUCT_NAME = "$(TARGET_NAME)";
				TEST_TARGET_NAME = ZHChattingDemo;
			};
			name = Release;
		};
/* End XCBuildConfiguration section */

/* Begin XCConfigurationList section */
		982D6CDC1D17E34000AF1F21 /* Build configuration list for PBXProject "ZHChattingDemo" */ = {
			isa = XCConfigurationList;
			buildConfigurations = (
				982D6D0C1D17E34100AF1F21 /* Debug */,
				982D6D0D1D17E34100AF1F21 /* Release */,
			);
			defaultConfigurationIsVisible = 0;
			defaultConfigurationName = Release;
		};
		982D6D0E1D17E34100AF1F21 /* Build configuration list for PBXNativeTarget "ZHChattingDemo" */ = {
			isa = XCConfigurationList;
			buildConfigurations = (
				982D6D0F1D17E34100AF1F21 /* Debug */,
				982D6D101D17E34100AF1F21 /* Release */,
			);
			defaultConfigurationIsVisible = 0;
			defaultConfigurationName = Release;
		};
		982D6D111D17E34100AF1F21 /* Build configuration list for PBXNativeTarget "ZHChattingDemoTests" */ = {
			isa = XCConfigurationList;
			buildConfigurations = (
				982D6D121D17E34100AF1F21 /* Debug */,
				982D6D131D17E34100AF1F21 /* Release */,
			);
			defaultConfigurationIsVisible = 0;
			defaultConfigurationName = Release;
		};
		982D6D141D17E34100AF1F21 /* Build configuration list for PBXNativeTarget "ZHChattingDemoUITests" */ = {
			isa = XCConfigurationList;
			buildConfigurations = (
				982D6D151D17E34100AF1F21 /* Debug */,
				982D6D161D17E34100AF1F21 /* Release */,
			);
			defaultConfigurationIsVisible = 0;
			defaultConfigurationName = Release;
		};
/* End XCConfigurationList section */
	};
	rootObject = 982D6CD91D17E34000AF1F21 /* Project object */;
}
